// !$*UTF8*$!
{
	archiveVersion = 1;
	classes = {
	};
	objectVersion = 46;
	objects = {

/* Begin PBXBuildFile section */
		895E58241CEF6E9C00352E5B /* AppDelegate.swift in Sources */ = {isa = PBXBuildFile; fileRef = 895E58231CEF6E9C00352E5B /* AppDelegate.swift */; };
		895E58261CEF6E9C00352E5B /* ViewController.swift in Sources */ = {isa = PBXBuildFile; fileRef = 895E58251CEF6E9C00352E5B /* ViewController.swift */; };
		895E58291CEF6E9C00352E5B /* Main.storyboard in Resources */ = {isa = PBXBuildFile; fileRef = 895E58271CEF6E9C00352E5B /* Main.storyboard */; };
		895E582B1CEF6E9C00352E5B /* Assets.xcassets in Resources */ = {isa = PBXBuildFile; fileRef = 895E582A1CEF6E9C00352E5B /* Assets.xcassets */; };
		895E582E1CEF6E9C00352E5B /* LaunchScreen.storyboard in Resources */ = {isa = PBXBuildFile; fileRef = 895E582C1CEF6E9C00352E5B /* LaunchScreen.storyboard */; };
		895E58531CEF6F4700352E5B /* AutoImageFlipper.swift in Sources */ = {isa = PBXBuildFile; fileRef = 895E58521CEF6F4700352E5B /* AutoImageFlipper.swift */; };
		895E58551CEF77D600352E5B /* AutoImageFlipperDelegate.swift in Sources */ = {isa = PBXBuildFile; fileRef = 895E58541CEF77D600352E5B /* AutoImageFlipperDelegate.swift */; };
		895E585B1CEF7FA900352E5B /* Image1.png in Resources */ = {isa = PBXBuildFile; fileRef = 895E585A1CEF7FA900352E5B /* Image1.png */; };
		895E58601CEF895B00352E5B /* image2.png in Resources */ = {isa = PBXBuildFile; fileRef = 895E585E1CEF895B00352E5B /* image2.png */; };
		895E58611CEF895B00352E5B /* image3.png in Resources */ = {isa = PBXBuildFile; fileRef = 895E585F1CEF895B00352E5B /* image3.png */; };
/* End PBXBuildFile section */

/* Begin PBXFileReference section */
		895E58201CEF6E9C00352E5B /* Auto Image Flipper.app */ = {isa = PBXFileReference; explicitFileType = wrapper.application; includeInIndex = 0; name = "Auto Image Flipper.app"; path = "/Users/SinaKH/Documents/Projects/iOS/Auto Image Flipper/build/Debug-iphoneos/Auto Image Flipper.app"; sourceTree = "<absolute>"; };
		895E58231CEF6E9C00352E5B /* AppDelegate.swift */ = {isa = PBXFileReference; lastKnownFileType = sourcecode.swift; path = AppDelegate.swift; sourceTree = "<group>"; };
		895E58251CEF6E9C00352E5B /* ViewController.swift */ = {isa = PBXFileReference; lastKnownFileType = sourcecode.swift; path = ViewController.swift; sourceTree = "<group>"; };
		895E58281CEF6E9C00352E5B /* Base */ = {isa = PBXFileReference; lastKnownFileType = file.storyboard; name = Base; path = Base.lproj/Main.storyboard; sourceTree = "<group>"; };
		895E582A1CEF6E9C00352E5B /* Assets.xcassets */ = {isa = PBXFileReference; lastKnownFileType = folder.assetcatalog; path = Assets.xcassets; sourceTree = "<group>"; };
		895E582D1CEF6E9C00352E5B /* Base */ = {isa = PBXFileReference; lastKnownFileType = file.storyboard; name = Base; path = Base.lproj/LaunchScreen.storyboard; sourceTree = "<group>"; };
		895E582F1CEF6E9C00352E5B /* Info.plist */ = {isa = PBXFileReference; lastKnownFileType = text.plist.xml; path = Info.plist; sourceTree = "<group>"; };
		895E58521CEF6F4700352E5B /* AutoImageFlipper.swift */ = {isa = PBXFileReference; fileEncoding = 4; lastKnownFileType = sourcecode.swift; name = AutoImageFlipper.swift; path = "Auto Image Flipper/AutoImageFlipper.swift"; sourceTree = "<group>"; };
		895E58541CEF77D600352E5B /* AutoImageFlipperDelegate.swift */ = {isa = PBXFileReference; fileEncoding = 4; lastKnownFileType = sourcecode.swift; path = AutoImageFlipperDelegate.swift; sourceTree = "<group>"; };
		895E585A1CEF7FA900352E5B /* Image1.png */ = {isa = PBXFileReference; lastKnownFileType = image.png; path = Image1.png; sourceTree = "<group>"; };
		895E585E1CEF895B00352E5B /* image2.png */ = {isa = PBXFileReference; lastKnownFileType = image.png; path = image2.png; sourceTree = "<group>"; };
		895E585F1CEF895B00352E5B /* image3.png */ = {isa = PBXFileReference; lastKnownFileType = image.png; path = image3.png; sourceTree = "<group>"; };
/* End PBXFileReference section */

/* Begin PBXFrameworksBuildPhase section */
		895E581D1CEF6E9C00352E5B /* Frameworks */ = {
			isa = PBXFrameworksBuildPhase;
			buildActionMask = 2147483647;
			files = (
			);
			runOnlyForDeploymentPostprocessing = 0;
		};
/* End PBXFrameworksBuildPhase section */

/* Begin PBXGroup section */
		895E58171CEF6E9C00352E5B = {
			isa = PBXGroup;
			children = (
				895E58221CEF6E9C00352E5B /* Auto Image Flipper */,
			);
			sourceTree = "<group>";
		};
		895E58221CEF6E9C00352E5B /* Auto Image Flipper */ = {
			isa = PBXGroup;
			children = (
				895E58511CEF6EB000352E5B /* Auto Image Flipper */,
				895E58561CEF7BD600352E5B /* Example */,
				895E582A1CEF6E9C00352E5B /* Assets.xcassets */,
				895E582F1CEF6E9C00352E5B /* Info.plist */,
			);
			path = "Auto Image Flipper";
			sourceTree = "<group>";
		};
		895E58511CEF6EB000352E5B /* Auto Image Flipper */ = {
			isa = PBXGroup;
			children = (
				895E58521CEF6F4700352E5B /* AutoImageFlipper.swift */,
				895E58541CEF77D600352E5B /* AutoImageFlipperDelegate.swift */,
			);
			name = "Auto Image Flipper";
			path = ..;
			sourceTree = "<group>";
		};
		895E58561CEF7BD600352E5B /* Example */ = {
			isa = PBXGroup;
			children = (
				895E58571CEF7C0100352E5B /* Images */,
				895E58231CEF6E9C00352E5B /* AppDelegate.swift */,
				895E58251CEF6E9C00352E5B /* ViewController.swift */,
				895E58271CEF6E9C00352E5B /* Main.storyboard */,
				895E582C1CEF6E9C00352E5B /* LaunchScreen.storyboard */,
			);
			name = Example;
			sourceTree = "<group>";
		};
		895E58571CEF7C0100352E5B /* Images */ = {
			isa = PBXGroup;
			children = (
				895E585A1CEF7FA900352E5B /* Image1.png */,
				895E585E1CEF895B00352E5B /* image2.png */,
				895E585F1CEF895B00352E5B /* image3.png */,
			);
			name = Images;
			sourceTree = "<group>";
		};
/* End PBXGroup section */

/* Begin PBXNativeTarget section */
		895E581F1CEF6E9C00352E5B /* Auto Image Flipper */ = {
			isa = PBXNativeTarget;
			buildConfigurationList = 895E58481CEF6E9C00352E5B /* Build configuration list for PBXNativeTarget "Auto Image Flipper" */;
			buildPhases = (
				895E581C1CEF6E9C00352E5B /* Sources */,
				895E581D1CEF6E9C00352E5B /* Frameworks */,
				895E581E1CEF6E9C00352E5B /* Resources */,
			);
			buildRules = (
			);
			dependencies = (
			);
			name = "Auto Image Flipper";
			productName = "Auto Image Flipper";
			productReference = 895E58201CEF6E9C00352E5B /* Auto Image Flipper.app */;
			productType = "com.apple.product-type.application";
		};
/* End PBXNativeTarget section */

/* Begin PBXProject section */
		895E58181CEF6E9C00352E5B /* Project object */ = {
			isa = PBXProject;
			attributes = {
				LastSwiftUpdateCheck = 0730;
				LastUpgradeCheck = 0730;
				ORGANIZATIONNAME = "Sina Khalili";
				TargetAttributes = {
					895E581F1CEF6E9C00352E5B = {
						CreatedOnToolsVersion = 7.3;
					};
				};
			};
			buildConfigurationList = 895E581B1CEF6E9C00352E5B /* Build configuration list for PBXProject "Auto Image Flipper" */;
			compatibilityVersion = "Xcode 3.2";
			developmentRegion = English;
			hasScannedForEncodings = 0;
			knownRegions = (
				en,
				Base,
			);
			mainGroup = 895E58171CEF6E9C00352E5B;
			productRefGroup = 895E58171CEF6E9C00352E5B;
			projectDirPath = "";
			projectRoot = "";
			targets = (
				895E581F1CEF6E9C00352E5B /* Auto Image Flipper */,
			);
		};
/* End PBXProject section */

/* Begin PBXResourcesBuildPhase section */
		895E581E1CEF6E9C00352E5B /* Resources */ = {
			isa = PBXResourcesBuildPhase;
			buildActionMask = 2147483647;
			files = (
				895E582E1CEF6E9C00352E5B /* LaunchScreen.storyboard in Resources */,
				895E58611CEF895B00352E5B /* image3.png in Resources */,
				895E58601CEF895B00352E5B /* image2.png in Resources */,
				895E585B1CEF7FA900352E5B /* Image1.png in Resources */,
				895E582B1CEF6E9C00352E5B /* Assets.xcassets in Resources */,
				895E58291CEF6E9C00352E5B /* Main.storyboard in Resources */,
			);
			runOnlyForDeploymentPostprocessing = 0;
		};
/* End PBXResourcesBuildPhase section */

/* Begin PBXSourcesBuildPhase section */
		895E581C1CEF6E9C00352E5B /* Sources */ = {
			isa = PBXSourcesBuildPhase;
			buildActionMask = 2147483647;
			files = (
				895E58261CEF6E9C00352E5B /* ViewController.swift in Sources */,
				895E58241CEF6E9C00352E5B /* AppDelegate.swift in Sources */,
				895E58551CEF77D600352E5B /* AutoImageFlipperDelegate.swift in Sources */,
				895E58531CEF6F4700352E5B /* AutoImageFlipper.swift in Sources */,
			);
			runOnlyForDeploymentPostprocessing = 0;
		};
/* End PBXSourcesBuildPhase section */

/* Begin PBXVariantGroup section */
		895E58271CEF6E9C00352E5B /* Main.storyboard */ = {
			isa = PBXVariantGroup;
			children = (
				895E58281CEF6E9C00352E5B /* Base */,
			);
			name = Main.storyboard;
			sourceTree = "<group>";
		};
		895E582C1CEF6E9C00352E5B /* LaunchScreen.storyboard */ = {
			isa = PBXVariantGroup;
			children = (
				895E582D1CEF6E9C00352E5B /* Base */,
			);
			name = LaunchScreen.storyboard;
			sourceTree = "<group>";
		};
/* End PBXVariantGroup section */

/* Begin XCBuildConfiguration section */
		895E58461CEF6E9C00352E5B /* Debug */ = {
			isa = XCBuildConfiguration;
			buildSettings = {
				ALWAYS_SEARCH_USER_PATHS = NO;
				CLANG_ANALYZER_NONNULL = YES;
				CLANG_CXX_LANGUAGE_STANDARD = "gnu++0x";
				CLANG_CXX_LIBRARY = "libc++";
				CLANG_ENABLE_MODULES = YES;
				CLANG_ENABLE_OBJC_ARC = YES;
				CLANG_WARN_BOOL_CONVERSION = YES;
				CLANG_WARN_CONSTANT_CONVERSION = YES;
				CLANG_WARN_DIRECT_OBJC_ISA_USAGE = YES_ERROR;
				CLANG_WARN_EMPTY_BODY = YES;
				CLANG_WARN_ENUM_CONVERSION = YES;
				CLANG_WARN_INT_CONVERSION = YES;
				CLANG_WARN_OBJC_ROOT_CLASS = YES_ERROR;
				CLANG_WARN_UNREACHABLE_CODE = YES;
				CLANG_WARN__DUPLICATE_METHOD_MATCH = YES;
				"CODE_SIGN_IDENTITY[sdk=iphoneos*]" = "iPhone Developer";
				COPY_PHASE_STRIP = NO;
				DEBUG_INFORMATION_FORMAT = dwarf;
				ENABLE_STRICT_OBJC_MSGSEND = YES;
				ENABLE_TESTABILITY = YES;
				GCC_C_LANGUAGE_STANDARD = gnu99;
				GCC_DYNAMIC_NO_PIC = NO;
				GCC_NO_COMMON_BLOCKS = YES;
				GCC_OPTIMIZATION_LEVEL = 0;
				GCC_PREPROCESSOR_DEFINITIONS = (
					"DEBUG=1",
					"$(inherited)",
				);
				GCC_WARN_64_TO_32_BIT_CONVERSION = YES;
				GCC_WARN_ABOUT_RETURN_TYPE = YES_ERROR;
				GCC_WARN_UNDECLARED_SELECTOR = YES;
				GCC_WARN_UNINITIALIZED_AUTOS = YES_AGGRESSIVE;
				GCC_WARN_UNUSED_FUNCTION = YES;
				GCC_WARN_UNUSED_VARIABLE = YES;
				IPHONEOS_DEPLOYMENT_TARGET = 9.3;
				MTL_ENABLE_DEBUG_INFO = YES;
				ONLY_ACTIVE_ARCH = YES;
				SDKROOT = iphoneos;
				SWIFT_OPTIMIZATION_LEVEL = "-Onone";
				TARGETED_DEVICE_FAMILY = "1,2";
			};
			name = Debug;
		};
		895E58471CEF6E9C00352E5B /* Release */ = {
			isa = XCBuildConfiguration;
			buildSettings = {
				ALWAYS_SEARCH_USER_PATHS = NO;
				CLANG_ANALYZER_NONNULL = YES;
				CLANG_CXX_LANGUAGE_STANDARD = "gnu++0x";
				CLANG_CXX_LIBRARY = "libc++";
				CLANG_ENABLE_MODULES = YES;
				CLANG_ENABLE_OBJC_ARC = YES;
				CLANG_WARN_BOOL_CONVERSION = YES;
				CLANG_WARN_CONSTANT_CONVERSION = YES;
				CLANG_WARN_DIRECT_OBJC_ISA_USAGE = YES_ERROR;
				CLANG_WARN_EMPTY_BODY = YES;
				CLANG_WARN_ENUM_CONVERSION = YES;
				CLANG_WARN_INT_CONVERSION = YES;
				CLANG_WARN_OBJC_ROOT_CLASS = YES_ERROR;
				CLANG_WARN_UNREACHABLE_CODE = YES;
				CLANG_WARN__DUPLICATE_METHOD_MATCH = YES;
				"CODE_SIGN_IDENTITY[sdk=iphoneos*]" = "iPhone Developer";
				COPY_PHASE_STRIP = NO;
				DEBUG_INFORMATION_FORMAT = "dwarf-with-dsym";
				ENABLE_NS_ASSERTIONS = NO;
				ENABLE_STRICT_OBJC_MSGSEND = YES;
				GCC_C_LANGUAGE_STANDARD = gnu99;
				GCC_NO_COMMON_BLOCKS = YES;
				GCC_WARN_64_TO_32_BIT_CONVERSION = YES;
				GCC_WARN_ABOUT_RETURN_TYPE = YES_ERROR;
				GCC_WARN_UNDECLARED_SELECTOR = YES;
				GCC_WARN_UNINITIALIZED_AUTOS = YES_AGGRESSIVE;
				GCC_WARN_UNUSED_FUNCTION = YES;
				GCC_WARN_UNUSED_VARIABLE = YES;
				IPHONEOS_DEPLOYMENT_TARGET = 9.3;
				MTL_ENABLE_DEBUG_INFO = NO;
				SDKROOT = iphoneos;
				TARGETED_DEVICE_FAMILY = "1,2";
				VALIDATE_PRODUCT = YES;
			};
			name = Release;
		};
		895E58491CEF6E9C00352E5B /* Debug */ = {
			isa = XCBuildConfiguration;
			buildSettings = {
				ASSETCATALOG_COMPILER_APPICON_NAME = AppIcon;
				INFOPLIST_FILE = "Auto Image Flipper/Info.plist";
				LD_RUNPATH_SEARCH_PATHS = "$(inherited) @executable_path/Frameworks";
				PRODUCT_BUNDLE_IDENTIFIER = "ir.SinaKhalili.Auto-Image-Flipper";
				PRODUCT_NAME = "$(TARGET_NAME)";
			};
			name = Debug;
		};
		895E584A1CEF6E9C00352E5B /* Release */ = {
			isa = XCBuildConfiguration;
			buildSettings = {
				ASSETCATALOG_COMPILER_APPICON_NAME = AppIcon;
				INFOPLIST_FILE = "Auto Image Flipper/Info.plist";
				LD_RUNPATH_SEARCH_PATHS = "$(inherited) @executable_path/Frameworks";
				PRODUCT_BUNDLE_IDENTIFIER = "ir.SinaKhalili.Auto-Image-Flipper";
				PRODUCT_NAME = "$(TARGET_NAME)";
			};
			name = Release;
		};
/* End XCBuildConfiguration section */

/* Begin XCConfigurationList section */
		895E581B1CEF6E9C00352E5B /* Build configuration list for PBXProject "Auto Image Flipper" */ = {
			isa = XCConfigurationList;
			buildConfigurations = (
				895E58461CEF6E9C00352E5B /* Debug */,
				895E58471CEF6E9C00352E5B /* Release */,
			);
			defaultConfigurationIsVisible = 0;
			defaultConfigurationName = Release;
		};
		895E58481CEF6E9C00352E5B /* Build configuration list for PBXNativeTarget "Auto Image Flipper" */ = {
			isa = XCConfigurationList;
			buildConfigurations = (
				895E58491CEF6E9C00352E5B /* Debug */,
				895E584A1CEF6E9C00352E5B /* Release */,
			);
			defaultConfigurationIsVisible = 0;
		};
/* End XCConfigurationList section */
	};
	rootObject = 895E58181CEF6E9C00352E5B /* Project object */;
}
